{
  "name": "agent-on-ramp-coach",
  "version": "1.0.0",
  "lockfileVersion": 3,
  "requires": true,
  "packages": {
    "": {
      "name": "agent-on-ramp-coach",
      "version": "1.0.0",
      "bin": {
        "agent-on-ramp-coach": "skills/agent-on-ramp-coach/scripts/onramp.mjs"
      },
      "engines": {
        "node": ">=20"
      }
    }
  }
}
