{
    "name": "vibe-sentinel",
    "version": "1.1.0",
    "lockfileVersion": 3,
    "requires": true,
    "packages": {
        "": {
            "name": "vibe-sentinel",
            "version": "1.1.0",
            "bin": {
                "assumption-gate": "bin/assumption-gate.mjs",
                "change-control": "bin/change-control.mjs",
                "scope-guard": "bin/scope-guard.mjs"
            },
            "engines": {
                "node": ">=20"
            }
        }
    }
}