{
  "name": "change-control-compiler",
  "version": "0.1.0",
  "lockfileVersion": 3,
  "requires": true,
  "packages": {
    "": {
      "name": "change-control-compiler",
      "version": "0.1.0",
      "license": "MIT",
      "bin": {
        "change-control": "bin/change-control.mjs"
      },
      "engines": {
        "node": ">=20"
      }
    }
  }
}
