{
  "name": "ux-gremlin",
  "version": "1.1.0",
  "lockfileVersion": 3,
  "requires": true,
  "packages": {
    "": {
      "name": "ux-gremlin",
      "version": "1.1.0",
      "bin": {
        "ux-gremlin": "skills/ux-gremlin/scripts/ux-gremlin.mjs"
      },
      "engines": {
        "node": ">=20"
      }
    }
  }
}
